{
  "nodes": {
    "flake-utils": {
      "locked": {
        "lastModified": 1644229661,
        "narHash": "sha256-1YdnJAsNy69bpcjuoKdOYQX0YxZBiCYZo4Twxerqv7k=",
        "owner": "numtide",
        "repo": "flake-utils",
        "rev": "3cecb5b042f7f209c56ffd8371b2711a290ec797",
        "type": "github"
      },
      "original": {
        "owner": "numtide",
        "repo": "flake-utils",
        "type": "github"
      }
    },
    "flake-utils_2": {
      "locked": {
        "lastModified": 1644229661,
        "narHash": "sha256-1YdnJAsNy69bpcjuoKdOYQX0YxZBiCYZo4Twxerqv7k=",
        "owner": "numtide",
        "repo": "flake-utils",
        "rev": "3cecb5b042f7f209c56ffd8371b2711a290ec797",
        "type": "github"
      },
      "original": {
        "owner": "numtide",
        "repo": "flake-utils",
        "type": "github"
      }
    },
    "fstar-flake": {
      "inputs": {
        "flake-utils": "flake-utils_2",
        "fstar-source": "fstar-source",
        "nixpkgs": "nixpkgs",
        "nixpkgs-unstable": "nixpkgs-unstable"
      },
      "locked": {
        "lastModified": 1647937208,
        "narHash": "sha256-zQ+4DFZzigqh1r9RjKndHVKnkhicCYKF6M/4B8WTSEU=",
        "owner": "W95Psp",
        "repo": "nix-flake-fstar",
        "rev": "6c7be3c47af9a9f21bef56e46332def118384789",
        "type": "github"
      },
      "original": {
        "owner": "W95Psp",
        "repo": "nix-flake-fstar",
        "type": "github"
      }
    },
    "fstar-source": {
      "flake": false,
      "locked": {
        "lastModified": 1647927120,
        "narHash": "sha256-yU6XUNCHH9/vOZ5fVRZHHkOMBjftYMp7YQ47WUhQiXw=",
        "owner": "FStarLang",
        "repo": "FStar",
        "rev": "3991ca2f533fc626431d2eddcd25384db4d0bb68",
        "type": "github"
      },
      "original": {
        "owner": "FStarLang",
        "repo": "FStar",
        "type": "github"
      }
    },
    "nixpkgs": {
      "locked": {
        "lastModified": 1645296114,
        "narHash": "sha256-y53N7TyIkXsjMpOG7RhvqJFGDacLs9HlyHeSTBioqYU=",
        "owner": "NixOS",
        "repo": "nixpkgs",
        "rev": "530a53dcbc9437363471167a5e4762c5fcfa34a1",
        "type": "github"
      },
      "original": {
        "owner": "NixOS",
        "ref": "nixos-21.05",
        "repo": "nixpkgs",
        "type": "github"
      }
    },
    "nixpkgs-unstable": {
      "locked": {
        "lastModified": 1647800324,
        "narHash": "sha256-rjwoxrk16zfrcO5Torh6CbAd5GHsHrXw+EwxOvh9AUI=",
        "owner": "NixOS",
        "repo": "nixpkgs",
        "rev": "9bc841fec1c0e8b9772afa29f934d2c7ce57da8e",
        "type": "github"
      },
      "original": {
        "owner": "NixOS",
        "ref": "nixos-unstable",
        "repo": "nixpkgs",
        "type": "github"
      }
    },
    "nixpkgs_2": {
      "locked": {
        "lastModified": 1647350163,
        "narHash": "sha256-OcMI+PFEHTONthXuEQNddt16Ml7qGvanL3x8QOl2Aao=",
        "owner": "NixOS",
        "repo": "nixpkgs",
        "rev": "3eb07eeafb52bcbf02ce800f032f18d666a9498d",
        "type": "github"
      },
      "original": {
        "id": "nixpkgs",
        "type": "indirect"
      }
    },
    "root": {
      "inputs": {
        "flake-utils": "flake-utils",
        "fstar-flake": "fstar-flake",
        "nixpkgs": "nixpkgs_2",
        "zarith_stubs_js": "zarith_stubs_js"
      }
    },
    "zarith_stubs_js": {
      "flake": false,
      "locked": {
        "lastModified": 1644934537,
        "narHash": "sha256-Y/l9cc12ka4p+WklQBsvtA96yJSHySGApoM5adqAvRk=",
        "owner": "janestreet",
        "repo": "zarith_stubs_js",
        "rev": "dbf55d3fc3a1a5dd3770e13d470b6d9bdd0b6831",
        "type": "github"
      },
      "original": {
        "owner": "janestreet",
        "repo": "zarith_stubs_js",
        "type": "github"
      }
    }
  },
  "root": "root",
  "version": 7
}
