{
  "nodes": {
    "flake-utils": {
      "locked": {
        "lastModified": 1653893745,
        "narHash": "sha256-0jntwV3Z8//YwuOjzhV2sgJJPt+HY6KhU7VZUL0fKZQ=",
        "owner": "numtide",
        "repo": "flake-utils",
        "rev": "1ed9fb1935d260de5fe1c2f7ee0ebaae17ed2fa1",
        "type": "github"
      },
      "original": {
        "owner": "numtide",
        "repo": "flake-utils",
        "type": "github"
      }
    },
    "flake-utils_2": {
      "locked": {
        "lastModified": 1653893745,
        "narHash": "sha256-0jntwV3Z8//YwuOjzhV2sgJJPt+HY6KhU7VZUL0fKZQ=",
        "owner": "numtide",
        "repo": "flake-utils",
        "rev": "1ed9fb1935d260de5fe1c2f7ee0ebaae17ed2fa1",
        "type": "github"
      },
      "original": {
        "owner": "numtide",
        "repo": "flake-utils",
        "type": "github"
      }
    },
    "fstar-flake": {
      "inputs": {
        "flake-utils": "flake-utils_2",
        "fstar-source": "fstar-source",
        "nixpkgs": "nixpkgs",
        "nixpkgs-unstable": "nixpkgs-unstable"
      },
      "locked": {
        "lastModified": 1659356186,
        "narHash": "sha256-pSBOeV9rzAJJIKkYBP38QpGEofqOkN8+tXEXTsrtnIw=",
        "owner": "W95Psp",
        "repo": "nix-flake-fstar",
        "rev": "82b8cc4fddf6ab832f4a59e437c51d7d9e695474",
        "type": "github"
      },
      "original": {
        "owner": "W95Psp",
        "repo": "nix-flake-fstar",
        "type": "github"
      }
    },
    "fstar-source": {
      "flake": false,
      "locked": {
        "lastModified": 1659211874,
        "narHash": "sha256-jVGpB244ZbdorcSjrMbYKU2AiSvpexO6YgupE2s3+5E=",
        "owner": "FStarLang",
        "repo": "FStar",
        "rev": "f327b8a6bcdd25d09d3c241562cbd404fc111a9a",
        "type": "github"
      },
      "original": {
        "owner": "FStarLang",
        "repo": "FStar",
        "type": "github"
      }
    },
    "nixpkgs": {
      "locked": {
        "lastModified": 1655034179,
        "narHash": "sha256-rf1/7AbzuYDw6+8Xvvf3PtEOygymLBrFsFxvext5ZjI=",
        "owner": "NixOS",
        "repo": "nixpkgs",
        "rev": "046ee4af7a9f016a364f8f78eeaa356ba524ac31",
        "type": "github"
      },
      "original": {
        "owner": "NixOS",
        "ref": "nixos-21.05",
        "repo": "nixpkgs",
        "type": "github"
      }
    },
    "nixpkgs-unstable": {
      "locked": {
        "lastModified": 1655130522,
        "narHash": "sha256-5dzlxE4okyu+M39yeVtHWQXzDZQxFF5rUB1iY9R6Lb4=",
        "owner": "NixOS",
        "repo": "nixpkgs",
        "rev": "13f08d71ceff5101321e0291854495a1ec153a5e",
        "type": "github"
      },
      "original": {
        "owner": "NixOS",
        "ref": "nixos-unstable",
        "repo": "nixpkgs",
        "type": "github"
      }
    },
    "nixpkgs_2": {
      "locked": {
        "lastModified": 1655183247,
        "narHash": "sha256-RQwSjdHA3MY/UpKpuT+Nv5HfFj8yCQHwKLd287j9jbE=",
        "owner": "NixOS",
        "repo": "nixpkgs",
        "rev": "3c2068d6c90cab895afad0f8249fcf968aea4bca",
        "type": "github"
      },
      "original": {
        "id": "nixpkgs",
        "type": "indirect"
      }
    },
    "root": {
      "inputs": {
        "flake-utils": "flake-utils",
        "fstar-flake": "fstar-flake",
        "nixpkgs": "nixpkgs_2",
        "zarith_stubs_js": "zarith_stubs_js"
      }
    },
    "zarith_stubs_js": {
      "flake": false,
      "locked": {
        "lastModified": 1644934537,
        "narHash": "sha256-Y/l9cc12ka4p+WklQBsvtA96yJSHySGApoM5adqAvRk=",
        "owner": "janestreet",
        "repo": "zarith_stubs_js",
        "rev": "dbf55d3fc3a1a5dd3770e13d470b6d9bdd0b6831",
        "type": "github"
      },
      "original": {
        "owner": "janestreet",
        "repo": "zarith_stubs_js",
        "type": "github"
      }
    }
  },
  "root": "root",
  "version": 7
}
