{
  "nodes": {
    "flake-utils": {
      "locked": {
        "lastModified": 1631561581,
        "narHash": "sha256-3VQMV5zvxaVLvqqUrNz3iJelLw30mIVSfZmAaauM3dA=",
        "owner": "numtide",
        "repo": "flake-utils",
        "rev": "7e5bf3925f6fbdfaf50a2a7ca0be2879c4261d19",
        "type": "github"
      },
      "original": {
        "owner": "numtide",
        "repo": "flake-utils",
        "type": "github"
      }
    },
    "flake-utils_2": {
      "locked": {
        "lastModified": 1631561581,
        "narHash": "sha256-3VQMV5zvxaVLvqqUrNz3iJelLw30mIVSfZmAaauM3dA=",
        "owner": "numtide",
        "repo": "flake-utils",
        "rev": "7e5bf3925f6fbdfaf50a2a7ca0be2879c4261d19",
        "type": "github"
      },
      "original": {
        "owner": "numtide",
        "repo": "flake-utils",
        "type": "github"
      }
    },
    "fstar-flake": {
      "inputs": {
        "flake-utils": "flake-utils_2",
        "fstar-source": "fstar-source",
        "nixpkgs": "nixpkgs",
        "nixpkgs-unstable": "nixpkgs-unstable"
      },
      "locked": {
        "lastModified": 1627217676,
        "narHash": "sha256-3ZqAxvjm2aZFHgnJNxfPy4WP09otI1BE3kyFUS3Sglg=",
        "owner": "W95Psp",
        "repo": "nix-flake-fstar",
        "rev": "827e73332e5acf9de05bd082c2fabefe3e1be152",
        "type": "github"
      },
      "original": {
        "owner": "W95Psp",
        "repo": "nix-flake-fstar",
        "type": "github"
      }
    },
    "fstar-source": {
      "flake": false,
      "locked": {
        "lastModified": 1633056983,
        "narHash": "sha256-gqy9iaLZlTyv9ufHrUG87ta2xyc1OaZ/KRGhAzB+wsQ=",
        "owner": "FStarLang",
        "repo": "FStar",
        "rev": "1c3db4d98327881984f9fb4b4fcd8d9caa8dea3a",
        "type": "github"
      },
      "original": {
        "owner": "FStarLang",
        "repo": "FStar",
        "type": "github"
      }
    },
    "nixpkgs": {
      "locked": {
        "lastModified": 1633083543,
        "narHash": "sha256-thXKms0SvDirYb8/Hw0zqAE1TsuSFWd0y51mSzkPGLU=",
        "owner": "NixOS",
        "repo": "nixpkgs",
        "rev": "92609f3d9bc3acffbdbe54fa1c591a885612aa73",
        "type": "github"
      },
      "original": {
        "owner": "NixOS",
        "ref": "nixos-21.05",
        "repo": "nixpkgs",
        "type": "github"
      }
    },
    "nixpkgs-unstable": {
      "locked": {
        "lastModified": 1633080050,
        "narHash": "sha256-T9I2WnlUzAIL70dk9V1jqaYk3nypy/cMkWR19S47ZHc=",
        "owner": "NixOS",
        "repo": "nixpkgs",
        "rev": "82155ff501c7622cb2336646bb62f7624261f6d7",
        "type": "github"
      },
      "original": {
        "owner": "NixOS",
        "ref": "nixos-unstable",
        "repo": "nixpkgs",
        "type": "github"
      }
    },
    "nixpkgs_2": {
      "locked": {
        "lastModified": 1633278593,
        "narHash": "sha256-y8o63EZPTNVbhPtwwTLzjkcigR3p9hk0g34D2JA7zXk=",
        "owner": "NixOS",
        "repo": "nixpkgs",
        "rev": "441e405c77f73522cc6e39b864efd3facaffb8e2",
        "type": "github"
      },
      "original": {
        "id": "nixpkgs",
        "type": "indirect"
      }
    },
    "root": {
      "inputs": {
        "flake-utils": "flake-utils",
        "fstar-flake": "fstar-flake",
        "nixpkgs": "nixpkgs_2",
        "zarith_stubs_js": "zarith_stubs_js"
      }
    },
    "zarith_stubs_js": {
      "flake": false,
      "locked": {
        "lastModified": 1635185168,
        "narHash": "sha256-dNJ+SStLUmk7NlC0FHJ/2TyAcvZQMLV3w1tZMwOxzDU=",
        "owner": "janestreet",
        "repo": "zarith_stubs_js",
        "rev": "04848949cd6d0dd438dc569436b83d3289a66528",
        "type": "github"
      },
      "original": {
        "owner": "janestreet",
        "repo": "zarith_stubs_js",
        "type": "github"
      }
    }
  },
  "root": "root",
  "version": 7
}
